Microsoft Visual Studio Solution File, Format Version 12.00
# Visual Studio Version 17
VisualStudioVersion = 17.5.2.0
MinimumVisualStudioVersion = 10.0.40219.1
Project("{FAE04EC0-301F-11D3-BF4B-00C04F79EFBC}") = "moroz", "moroz.csproj", "{9075B42A-3418-532D-381B-FC67E8237A8E}"
EndProject
Global
	GlobalSection(SolutionConfigurationPlatforms) = preSolution
		Debug|Any CPU = Debug|Any CPU
		Release|Any CPU = Release|Any CPU
	EndGlobalSection
	GlobalSection(ProjectConfigurationPlatforms) = postSolution
		{9075B42A-3418-532D-381B-FC67E8237A8E}.Debug|Any CPU.ActiveCfg = Debug|Any CPU
		{9075B42A-3418-532D-381B-FC67E8237A8E}.Debug|Any CPU.Build.0 = Debug|Any CPU
		{9075B42A-3418-532D-381B-FC67E8237A8E}.Release|Any CPU.ActiveCfg = Release|Any CPU
		{9075B42A-3418-532D-381B-FC67E8237A8E}.Release|Any CPU.Build.0 = Release|Any CPU
	EndGlobalSection
	GlobalSection(SolutionProperties) = preSolution
		HideSolutionNode = FALSE
	EndGlobalSection
	GlobalSection(ExtensibilityGlobals) = postSolution
		SolutionGuid = {99C0C9A3-2436-4965-B80C-BE7F867A6DA0}
	EndGlobalSection
EndGlobal
